
Microsoft Visual Studio Solution File, Format Version 12.00
# Visual Studio Version 16
VisualStudioVersion = 16.0.33423.256
MinimumVisualStudioVersion = 10.0.40219.1
Project("{FAE04EC0-301F-11D3-BF4B-00C04F79EFBC}") = "LatihanClassDanObjek", "LatihanClassDanObjek\LatihanClassDanObjek.csproj", "{6B0D50CB-DC32-428B-952C-1FF7EC19EC85}"
EndProject
Global
	GlobalSection(SolutionConfigurationPlatforms) = preSolution
		Debug|Any CPU = Debug|Any CPU
		Release|Any CPU = Release|Any CPU
	EndGlobalSection
	GlobalSection(ProjectConfigurationPlatforms) = postSolution
		{6B0D50CB-DC32-428B-952C-1FF7EC19EC85}.Debug|Any CPU.ActiveCfg = Debug|Any CPU
		{6B0D50CB-DC32-428B-952C-1FF7EC19EC85}.Debug|Any CPU.Build.0 = Debug|Any CPU
		{6B0D50CB-DC32-428B-952C-1FF7EC19EC85}.Release|Any CPU.ActiveCfg = Release|Any CPU
		{6B0D50CB-DC32-428B-952C-1FF7EC19EC85}.Release|Any CPU.Build.0 = Release|Any CPU
	EndGlobalSection
	GlobalSection(SolutionProperties) = preSolution
		HideSolutionNode = FALSE
	EndGlobalSection
	GlobalSection(ExtensibilityGlobals) = postSolution
		SolutionGuid = {1A3AFA23-4F64-48C4-AF21-EADA160F83A3}
	EndGlobalSection
EndGlobal
